
Microsoft Visual Studio Solution File, Format Version 12.00
# Visual Studio Version 17
VisualStudioVersion = 17.1.32210.238
MinimumVisualStudioVersion = 10.0.40219.1
Project("{8BC9CEB8-8B4A-11D0-8D11-00A0C91BC942}") = "C++Embedded", "C++Embedded.vcxproj", "{F214BC38-3130-4187-83D4-AA0CB7DC9E06}"
EndProject
Project("{8BC9CEB8-8B4A-11D0-8D11-00A0C91BC942}") = "Chapter1", "C++Study\Chapter1_1\Chapter1_1.vcxproj", "{B441DA36-E91D-4FC1-A87B-9BBDE6312768}"
EndProject
Project("{8BC9CEB8-8B4A-11D0-8D11-00A0C91BC942}") = "CLinkedList", "C++Study\CLinkedList\CLinkedList.vcxproj", "{1EBFBD9D-740F-4FF4-8D6C-D913CADFE0CF}"
EndProject
Project("{8BC9CEB8-8B4A-11D0-8D11-00A0C91BC942}") = "Cprogramming", "Cprogramming\Cprogramming.vcxproj", "{80EDF173-FAF0-4234-9172-53C1E950647E}"
EndProject
Project("{8BC9CEB8-8B4A-11D0-8D11-00A0C91BC942}") = "C++programming", "C++programming\C++programming.vcxproj", "{0003C731-E286-4D61-B724-3AB493E81627}"
EndProject
Project("{8BC9CEB8-8B4A-11D0-8D11-00A0C91BC942}") = "LibScamper", "Cprogramming\LibScamper\LibScamper.vcxproj", "{A45E7AB4-7C7D-46E5-A57E-A73214316DA7}"
EndProject
Global
	GlobalSection(SolutionConfigurationPlatforms) = preSolution
		Debug|x64 = Debug|x64
		Debug|x86 = Debug|x86
		Release|x64 = Release|x64
		Release|x86 = Release|x86
	EndGlobalSection
	GlobalSection(ProjectConfigurationPlatforms) = postSolution
		{F214BC38-3130-4187-83D4-AA0CB7DC9E06}.Debug|x64.ActiveCfg = Debug|x64
		{F214BC38-3130-4187-83D4-AA0CB7DC9E06}.Debug|x64.Build.0 = Debug|x64
		{F214BC38-3130-4187-83D4-AA0CB7DC9E06}.Debug|x86.ActiveCfg = Debug|Win32
		{F214BC38-3130-4187-83D4-AA0CB7DC9E06}.Debug|x86.Build.0 = Debug|Win32
		{F214BC38-3130-4187-83D4-AA0CB7DC9E06}.Release|x64.ActiveCfg = Release|x64
		{F214BC38-3130-4187-83D4-AA0CB7DC9E06}.Release|x64.Build.0 = Release|x64
		{F214BC38-3130-4187-83D4-AA0CB7DC9E06}.Release|x86.ActiveCfg = Release|Win32
		{F214BC38-3130-4187-83D4-AA0CB7DC9E06}.Release|x86.Build.0 = Release|Win32
		{B441DA36-E91D-4FC1-A87B-9BBDE6312768}.Debug|x64.ActiveCfg = Debug|x64
		{B441DA36-E91D-4FC1-A87B-9BBDE6312768}.Debug|x64.Build.0 = Debug|x64
		{B441DA36-E91D-4FC1-A87B-9BBDE6312768}.Debug|x86.ActiveCfg = Debug|Win32
		{B441DA36-E91D-4FC1-A87B-9BBDE6312768}.Debug|x86.Build.0 = Debug|Win32
		{B441DA36-E91D-4FC1-A87B-9BBDE6312768}.Release|x64.ActiveCfg = Release|x64
		{B441DA36-E91D-4FC1-A87B-9BBDE6312768}.Release|x64.Build.0 = Release|x64
		{B441DA36-E91D-4FC1-A87B-9BBDE6312768}.Release|x86.ActiveCfg = Release|Win32
		{B441DA36-E91D-4FC1-A87B-9BBDE6312768}.Release|x86.Build.0 = Release|Win32
		{1EBFBD9D-740F-4FF4-8D6C-D913CADFE0CF}.Debug|x64.ActiveCfg = Debug|x64
		{1EBFBD9D-740F-4FF4-8D6C-D913CADFE0CF}.Debug|x64.Build.0 = Debug|x64
		{1EBFBD9D-740F-4FF4-8D6C-D913CADFE0CF}.Debug|x86.ActiveCfg = Debug|Win32
		{1EBFBD9D-740F-4FF4-8D6C-D913CADFE0CF}.Debug|x86.Build.0 = Debug|Win32
		{1EBFBD9D-740F-4FF4-8D6C-D913CADFE0CF}.Release|x64.ActiveCfg = Release|x64
		{1EBFBD9D-740F-4FF4-8D6C-D913CADFE0CF}.Release|x64.Build.0 = Release|x64
		{1EBFBD9D-740F-4FF4-8D6C-D913CADFE0CF}.Release|x86.ActiveCfg = Release|Win32
		{1EBFBD9D-740F-4FF4-8D6C-D913CADFE0CF}.Release|x86.Build.0 = Release|Win32
		{80EDF173-FAF0-4234-9172-53C1E950647E}.Debug|x64.ActiveCfg = Debug|x64
		{80EDF173-FAF0-4234-9172-53C1E950647E}.Debug|x64.Build.0 = Debug|x64
		{80EDF173-FAF0-4234-9172-53C1E950647E}.Debug|x86.ActiveCfg = Debug|Win32
		{80EDF173-FAF0-4234-9172-53C1E950647E}.Debug|x86.Build.0 = Debug|Win32
		{80EDF173-FAF0-4234-9172-53C1E950647E}.Release|x64.ActiveCfg = Release|x64
		{80EDF173-FAF0-4234-9172-53C1E950647E}.Release|x64.Build.0 = Release|x64
		{80EDF173-FAF0-4234-9172-53C1E950647E}.Release|x86.ActiveCfg = Release|Win32
		{80EDF173-FAF0-4234-9172-53C1E950647E}.Release|x86.Build.0 = Release|Win32
		{0003C731-E286-4D61-B724-3AB493E81627}.Debug|x64.ActiveCfg = Debug|x64
		{0003C731-E286-4D61-B724-3AB493E81627}.Debug|x64.Build.0 = Debug|x64
		{0003C731-E286-4D61-B724-3AB493E81627}.Debug|x86.ActiveCfg = Debug|Win32
		{0003C731-E286-4D61-B724-3AB493E81627}.Debug|x86.Build.0 = Debug|Win32
		{0003C731-E286-4D61-B724-3AB493E81627}.Release|x64.ActiveCfg = Release|x64
		{0003C731-E286-4D61-B724-3AB493E81627}.Release|x64.Build.0 = Release|x64
		{0003C731-E286-4D61-B724-3AB493E81627}.Release|x86.ActiveCfg = Release|Win32
		{0003C731-E286-4D61-B724-3AB493E81627}.Release|x86.Build.0 = Release|Win32
		{A45E7AB4-7C7D-46E5-A57E-A73214316DA7}.Debug|x64.ActiveCfg = Debug|x64
		{A45E7AB4-7C7D-46E5-A57E-A73214316DA7}.Debug|x64.Build.0 = Debug|x64
		{A45E7AB4-7C7D-46E5-A57E-A73214316DA7}.Debug|x86.ActiveCfg = Debug|Win32
		{A45E7AB4-7C7D-46E5-A57E-A73214316DA7}.Debug|x86.Build.0 = Debug|Win32
		{A45E7AB4-7C7D-46E5-A57E-A73214316DA7}.Release|x64.ActiveCfg = Release|x64
		{A45E7AB4-7C7D-46E5-A57E-A73214316DA7}.Release|x64.Build.0 = Release|x64
		{A45E7AB4-7C7D-46E5-A57E-A73214316DA7}.Release|x86.ActiveCfg = Release|Win32
		{A45E7AB4-7C7D-46E5-A57E-A73214316DA7}.Release|x86.Build.0 = Release|Win32
	EndGlobalSection
	GlobalSection(SolutionProperties) = preSolution
		HideSolutionNode = FALSE
	EndGlobalSection
	GlobalSection(ExtensibilityGlobals) = postSolution
		SolutionGuid = {191E185C-D1B7-496E-97CF-81169C9D7781}
	EndGlobalSection
EndGlobal
